
Microsoft Visual Studio Solution File, Format Version 12.00
# Visual Studio Version 16
VisualStudioVersion = 16.0.31911.196
MinimumVisualStudioVersion = 10.0.40219.1
Project("{FAE04EC0-301F-11D3-BF4B-00C04F79EFBC}") = "Praktika", "Praktika\Praktika.csproj", "{E49CC21D-EC98-4B44-836B-AF4EF00398BD}"
EndProject
Project("{FAE04EC0-301F-11D3-BF4B-00C04F79EFBC}") = "Zadanie1.2", "Zadanie1.2\Zadanie1.2.csproj", "{DC31C1E6-D5FF-4A92-8497-53CAF8F0D723}"
EndProject
Project("{FAE04EC0-301F-11D3-BF4B-00C04F79EFBC}") = "WinBackgroundWorker", "WinBackgroundWorker\WinBackgroundWorker.csproj", "{10041D3D-D3A1-4BB7-A5F8-BA9BEE18CC25}"
EndProject
Project("{FAE04EC0-301F-11D3-BF4B-00C04F79EFBC}") = "WinAsynchDelegate", "WinAsynchDelegate\WinAsynchDelegate.csproj", "{739A13D1-5E25-4CE5-A350-513DCEA00655}"
EndProject
Project("{FAE04EC0-301F-11D3-BF4B-00C04F79EFBC}") = "WinAsynchMethod", "WinAsynchMethod\WinAsynchMethod.csproj", "{36F80E21-640F-4730-B0BC-916379AE2380}"
EndProject
Project("{FAE04EC0-301F-11D3-BF4B-00C04F79EFBC}") = "WinAsynchMethod1", "WinAsynchMethod1\WinAsynchMethod1.csproj", "{C8254EF2-B7B2-4D8C-B948-A1CF34633E82}"
EndProject
Project("{FAE04EC0-301F-11D3-BF4B-00C04F79EFBC}") = "WinAsynchMethod2", "WinAsynchMethod2\WinAsynchMethod2.csproj", "{0E3BD401-5921-4399-A4A3-EAE70B41699D}"
EndProject
Project("{FAE04EC0-301F-11D3-BF4B-00C04F79EFBC}") = "WinAsynchMethod3", "WinAsynchMethod3\WinAsynchMethod3.csproj", "{EC62E2C9-155D-46F7-8D43-8CBA67DF5777}"
EndProject
Project("{FAE04EC0-301F-11D3-BF4B-00C04F79EFBC}") = "WinBD", "WinBD\WinBD.csproj", "{050F593A-C589-47A3-AD66-62870B9D3DED}"
EndProject
Project("{FAE04EC0-301F-11D3-BF4B-00C04F79EFBC}") = "Zadanie4.4", "Zadanie4.4\Zadanie4.4.csproj", "{6ED2F60F-1823-4405-953C-F0D9BD9B7065}"
EndProject
Project("{FAE04EC0-301F-11D3-BF4B-00C04F79EFBC}") = "WinDataSourcesWizard", "WinDataSourcesWizard\WinDataSourcesWizard.csproj", "{FCB4B018-E774-492F-BD9E-F5CA053EFA18}"
EndProject
Global
	GlobalSection(SolutionConfigurationPlatforms) = preSolution
		Debug|Any CPU = Debug|Any CPU
		Release|Any CPU = Release|Any CPU
	EndGlobalSection
	GlobalSection(ProjectConfigurationPlatforms) = postSolution
		{E49CC21D-EC98-4B44-836B-AF4EF00398BD}.Debug|Any CPU.ActiveCfg = Debug|Any CPU
		{E49CC21D-EC98-4B44-836B-AF4EF00398BD}.Debug|Any CPU.Build.0 = Debug|Any CPU
		{E49CC21D-EC98-4B44-836B-AF4EF00398BD}.Release|Any CPU.ActiveCfg = Release|Any CPU
		{E49CC21D-EC98-4B44-836B-AF4EF00398BD}.Release|Any CPU.Build.0 = Release|Any CPU
		{DC31C1E6-D5FF-4A92-8497-53CAF8F0D723}.Debug|Any CPU.ActiveCfg = Debug|Any CPU
		{DC31C1E6-D5FF-4A92-8497-53CAF8F0D723}.Debug|Any CPU.Build.0 = Debug|Any CPU
		{DC31C1E6-D5FF-4A92-8497-53CAF8F0D723}.Release|Any CPU.ActiveCfg = Release|Any CPU
		{DC31C1E6-D5FF-4A92-8497-53CAF8F0D723}.Release|Any CPU.Build.0 = Release|Any CPU
		{10041D3D-D3A1-4BB7-A5F8-BA9BEE18CC25}.Debug|Any CPU.ActiveCfg = Debug|Any CPU
		{10041D3D-D3A1-4BB7-A5F8-BA9BEE18CC25}.Debug|Any CPU.Build.0 = Debug|Any CPU
		{10041D3D-D3A1-4BB7-A5F8-BA9BEE18CC25}.Release|Any CPU.ActiveCfg = Release|Any CPU
		{10041D3D-D3A1-4BB7-A5F8-BA9BEE18CC25}.Release|Any CPU.Build.0 = Release|Any CPU
		{739A13D1-5E25-4CE5-A350-513DCEA00655}.Debug|Any CPU.ActiveCfg = Debug|Any CPU
		{739A13D1-5E25-4CE5-A350-513DCEA00655}.Debug|Any CPU.Build.0 = Debug|Any CPU
		{739A13D1-5E25-4CE5-A350-513DCEA00655}.Release|Any CPU.ActiveCfg = Release|Any CPU
		{739A13D1-5E25-4CE5-A350-513DCEA00655}.Release|Any CPU.Build.0 = Release|Any CPU
		{36F80E21-640F-4730-B0BC-916379AE2380}.Debug|Any CPU.ActiveCfg = Debug|Any CPU
		{36F80E21-640F-4730-B0BC-916379AE2380}.Debug|Any CPU.Build.0 = Debug|Any CPU
		{36F80E21-640F-4730-B0BC-916379AE2380}.Release|Any CPU.ActiveCfg = Release|Any CPU
		{36F80E21-640F-4730-B0BC-916379AE2380}.Release|Any CPU.Build.0 = Release|Any CPU
		{C8254EF2-B7B2-4D8C-B948-A1CF34633E82}.Debug|Any CPU.ActiveCfg = Debug|Any CPU
		{C8254EF2-B7B2-4D8C-B948-A1CF34633E82}.Debug|Any CPU.Build.0 = Debug|Any CPU
		{C8254EF2-B7B2-4D8C-B948-A1CF34633E82}.Release|Any CPU.ActiveCfg = Release|Any CPU
		{C8254EF2-B7B2-4D8C-B948-A1CF34633E82}.Release|Any CPU.Build.0 = Release|Any CPU
		{0E3BD401-5921-4399-A4A3-EAE70B41699D}.Debug|Any CPU.ActiveCfg = Debug|Any CPU
		{0E3BD401-5921-4399-A4A3-EAE70B41699D}.Debug|Any CPU.Build.0 = Debug|Any CPU
		{0E3BD401-5921-4399-A4A3-EAE70B41699D}.Release|Any CPU.ActiveCfg = Release|Any CPU
		{0E3BD401-5921-4399-A4A3-EAE70B41699D}.Release|Any CPU.Build.0 = Release|Any CPU
		{EC62E2C9-155D-46F7-8D43-8CBA67DF5777}.Debug|Any CPU.ActiveCfg = Debug|Any CPU
		{EC62E2C9-155D-46F7-8D43-8CBA67DF5777}.Debug|Any CPU.Build.0 = Debug|Any CPU
		{EC62E2C9-155D-46F7-8D43-8CBA67DF5777}.Release|Any CPU.ActiveCfg = Release|Any CPU
		{EC62E2C9-155D-46F7-8D43-8CBA67DF5777}.Release|Any CPU.Build.0 = Release|Any CPU
		{050F593A-C589-47A3-AD66-62870B9D3DED}.Debug|Any CPU.ActiveCfg = Debug|Any CPU
		{050F593A-C589-47A3-AD66-62870B9D3DED}.Debug|Any CPU.Build.0 = Debug|Any CPU
		{050F593A-C589-47A3-AD66-62870B9D3DED}.Release|Any CPU.ActiveCfg = Release|Any CPU
		{050F593A-C589-47A3-AD66-62870B9D3DED}.Release|Any CPU.Build.0 = Release|Any CPU
		{6ED2F60F-1823-4405-953C-F0D9BD9B7065}.Debug|Any CPU.ActiveCfg = Debug|Any CPU
		{6ED2F60F-1823-4405-953C-F0D9BD9B7065}.Debug|Any CPU.Build.0 = Debug|Any CPU
		{6ED2F60F-1823-4405-953C-F0D9BD9B7065}.Release|Any CPU.ActiveCfg = Release|Any CPU
		{6ED2F60F-1823-4405-953C-F0D9BD9B7065}.Release|Any CPU.Build.0 = Release|Any CPU
		{FCB4B018-E774-492F-BD9E-F5CA053EFA18}.Debug|Any CPU.ActiveCfg = Debug|Any CPU
		{FCB4B018-E774-492F-BD9E-F5CA053EFA18}.Debug|Any CPU.Build.0 = Debug|Any CPU
		{FCB4B018-E774-492F-BD9E-F5CA053EFA18}.Release|Any CPU.ActiveCfg = Release|Any CPU
		{FCB4B018-E774-492F-BD9E-F5CA053EFA18}.Release|Any CPU.Build.0 = Release|Any CPU
	EndGlobalSection
	GlobalSection(SolutionProperties) = preSolution
		HideSolutionNode = FALSE
	EndGlobalSection
	GlobalSection(ExtensibilityGlobals) = postSolution
		SolutionGuid = {7F0AECCA-40D8-4D0E-A2FF-24D373B4DFAE}
	EndGlobalSection
EndGlobal
